
Microsoft Visual Studio Solution File, Format Version 12.00
# Visual Studio Version 17
VisualStudioVersion = 17.8.34525.116
MinimumVisualStudioVersion = 10.0.40219.1
Project("{FAE04EC0-301F-11D3-BF4B-00C04F79EFBC}") = "lab3", "lab3.csproj", "{8BBC21EB-4297-4EE7-971C-BC124B0884BB}"
EndProject
Global
	GlobalSection(SolutionConfigurationPlatforms) = preSolution
		Debug|Any CPU = Debug|Any CPU
		Release|Any CPU = Release|Any CPU
	EndGlobalSection
	GlobalSection(ProjectConfigurationPlatforms) = postSolution
		{8BBC21EB-4297-4EE7-971C-BC124B0884BB}.Debug|Any CPU.ActiveCfg = Debug|Any CPU
		{8BBC21EB-4297-4EE7-971C-BC124B0884BB}.Debug|Any CPU.Build.0 = Debug|Any CPU
		{8BBC21EB-4297-4EE7-971C-BC124B0884BB}.Release|Any CPU.ActiveCfg = Release|Any CPU
		{8BBC21EB-4297-4EE7-971C-BC124B0884BB}.Release|Any CPU.Build.0 = Release|Any CPU
	EndGlobalSection
	GlobalSection(SolutionProperties) = preSolution
		HideSolutionNode = FALSE
	EndGlobalSection
	GlobalSection(ExtensibilityGlobals) = postSolution
		SolutionGuid = {53D6B73D-D759-4201-AE23-1FA0596917F1}
	EndGlobalSection
EndGlobal
